
Microsoft Visual Studio Solution File, Format Version 12.00
# Visual Studio Version 17
VisualStudioVersion = 17.3.32811.315
MinimumVisualStudioVersion = 10.0.40219.1
Project("{9A19103F-16F7-4668-BE54-9A1E7A4F7556}") = "Diffusion.Toolkit", "Diffusion.Toolkit\Diffusion.Toolkit.csproj", "{748CFC7D-004F-497B-86D9-3EB15EB39AD7}"
EndProject
Project("{9A19103F-16F7-4668-BE54-9A1E7A4F7556}") = "TestHarness", "TestHarness\TestHarness.csproj", "{C16561FC-2964-463B-8C47-F46CBFD8D2E9}"
EndProject
Project("{9A19103F-16F7-4668-BE54-9A1E7A4F7556}") = "Diffusion.IO", "Diffusion.Scanner\Diffusion.IO.csproj", "{25F24BF8-75E4-4DAE-912A-85D388B41501}"
EndProject
Project("{9A19103F-16F7-4668-BE54-9A1E7A4F7556}") = "Diffusion.Common", "Diffusion.Common\Diffusion.Common.csproj", "{16540737-4B11-42BD-90E3-99D2F6751638}"
EndProject
Project("{9A19103F-16F7-4668-BE54-9A1E7A4F7556}") = "Diffusion.Updater", "Diffusion.Updater\Diffusion.Updater.csproj", "{1C125C3C-EF74-4485-9103-8EF71EA05FEC}"
EndProject
Project("{9A19103F-16F7-4668-BE54-9A1E7A4F7556}") = "Diffusion.Github", "Diffusion.Github\Diffusion.Github.csproj", "{628611CA-5A54-487A-8B15-CE0BB733DC41}"
EndProject
Project("{9A19103F-16F7-4668-BE54-9A1E7A4F7556}") = "Diffusion.Civitai", "Diffusion.Civitai\Diffusion.Civitai.csproj", "{172F6027-8248-4315-953D-2B4930C2338A}"
EndProject
Project("{FAE04EC0-301F-11D3-BF4B-00C04F79EFBC}") = "Diffusion.Scripting", "Diffusion.Scripting\Diffusion.Scripting.csproj", "{51529D09-5ACB-439C-90FE-3EF4B9D3B440}"
EndProject
Project("{FAE04EC0-301F-11D3-BF4B-00C04F79EFBC}") = "TestBed", "TestBed\TestBed.csproj", "{716CC6F5-69BB-4CBE-AAF4-DF1F3A483898}"
EndProject
Project("{FAE04EC0-301F-11D3-BF4B-00C04F79EFBC}") = "Diffusion.Database.PostgreSQL", "Diffusion.Database.PostgreSQL\Diffusion.Database.PostgreSQL.csproj", "{BD9823FD-B723-4041-B6EE-5E8777311277}"
EndProject
Project("{FAE04EC0-301F-11D3-BF4B-00C04F79EFBC}") = "TestPostgreSQL", "TestPostgreSQL\TestPostgreSQL.csproj", "{2803896C-3363-417C-A6EB-53CC857BC564}"
EndProject
Project("{FAE04EC0-301F-11D3-BF4B-00C04F79EFBC}") = "Diffusion.Embeddings", "Diffusion.Embeddings\Diffusion.Embeddings.csproj", "{0721DAD9-EF35-42CB-9078-8B329BD9B446}"
EndProject
Project("{FAE04EC0-301F-11D3-BF4B-00C04F79EFBC}") = "TestEmbeddings", "TestEmbeddings\TestEmbeddings.csproj", "{4B6D2292-5C26-4037-AB1E-6241B7019C77}"
EndProject
Project("{FAE04EC0-301F-11D3-BF4B-00C04F79EFBC}") = "Diffusion.Tagging", "Diffusion.Tagging\Diffusion.Tagging.csproj", "{A1234567-89AB-CDEF-0123-456789ABCDEF}"
EndProject
Project("{FAE04EC0-301F-11D3-BF4B-00C04F79EFBC}") = "Diffusion.Watcher", "Diffusion.Watcher\Diffusion.Watcher.csproj", "{2EC8C769-DE35-4AE5-97C9-3E22139133F0}"
EndProject
Project("{2150E333-8FDC-42A3-9474-1A3956D46DE8}") = "Diffusion.Scanner", "Diffusion.Scanner", "{758BAB1F-816E-DA70-0588-55CBB80C893F}"
EndProject
Project("{FAE04EC0-301F-11D3-BF4B-00C04F79EFBC}") = "Diffusion.Tests", "Diffusion.Tests\Diffusion.Tests.csproj", "{BB1F350F-22E5-4782-BC25-783950560042}"
EndProject
Global
	GlobalSection(SolutionConfigurationPlatforms) = preSolution
		Debug|Any CPU = Debug|Any CPU
		Debug|x64 = Debug|x64
		Debug|x86 = Debug|x86
		Release|Any CPU = Release|Any CPU
		Release|x64 = Release|x64
		Release|x86 = Release|x86
	EndGlobalSection
	GlobalSection(ProjectConfigurationPlatforms) = postSolution
		{748CFC7D-004F-497B-86D9-3EB15EB39AD7}.Debug|Any CPU.ActiveCfg = Debug|Any CPU
		{748CFC7D-004F-497B-86D9-3EB15EB39AD7}.Debug|Any CPU.Build.0 = Debug|Any CPU
		{748CFC7D-004F-497B-86D9-3EB15EB39AD7}.Debug|x64.ActiveCfg = Debug|Any CPU
		{748CFC7D-004F-497B-86D9-3EB15EB39AD7}.Debug|x64.Build.0 = Debug|Any CPU
		{748CFC7D-004F-497B-86D9-3EB15EB39AD7}.Debug|x86.ActiveCfg = Debug|Any CPU
		{748CFC7D-004F-497B-86D9-3EB15EB39AD7}.Debug|x86.Build.0 = Debug|Any CPU
		{748CFC7D-004F-497B-86D9-3EB15EB39AD7}.Release|Any CPU.ActiveCfg = Release|Any CPU
		{748CFC7D-004F-497B-86D9-3EB15EB39AD7}.Release|Any CPU.Build.0 = Release|Any CPU
		{748CFC7D-004F-497B-86D9-3EB15EB39AD7}.Release|x64.ActiveCfg = Release|Any CPU
		{748CFC7D-004F-497B-86D9-3EB15EB39AD7}.Release|x64.Build.0 = Release|Any CPU
		{748CFC7D-004F-497B-86D9-3EB15EB39AD7}.Release|x86.ActiveCfg = Release|Any CPU
		{748CFC7D-004F-497B-86D9-3EB15EB39AD7}.Release|x86.Build.0 = Release|Any CPU
		{C16561FC-2964-463B-8C47-F46CBFD8D2E9}.Debug|Any CPU.ActiveCfg = Debug|Any CPU
		{C16561FC-2964-463B-8C47-F46CBFD8D2E9}.Debug|Any CPU.Build.0 = Debug|Any CPU
		{C16561FC-2964-463B-8C47-F46CBFD8D2E9}.Debug|x64.ActiveCfg = Debug|Any CPU
		{C16561FC-2964-463B-8C47-F46CBFD8D2E9}.Debug|x64.Build.0 = Debug|Any CPU
		{C16561FC-2964-463B-8C47-F46CBFD8D2E9}.Debug|x86.ActiveCfg = Debug|Any CPU
		{C16561FC-2964-463B-8C47-F46CBFD8D2E9}.Debug|x86.Build.0 = Debug|Any CPU
		{C16561FC-2964-463B-8C47-F46CBFD8D2E9}.Release|Any CPU.ActiveCfg = Release|Any CPU
		{C16561FC-2964-463B-8C47-F46CBFD8D2E9}.Release|Any CPU.Build.0 = Release|Any CPU
		{C16561FC-2964-463B-8C47-F46CBFD8D2E9}.Release|x64.ActiveCfg = Release|Any CPU
		{C16561FC-2964-463B-8C47-F46CBFD8D2E9}.Release|x64.Build.0 = Release|Any CPU
		{C16561FC-2964-463B-8C47-F46CBFD8D2E9}.Release|x86.ActiveCfg = Release|Any CPU
		{C16561FC-2964-463B-8C47-F46CBFD8D2E9}.Release|x86.Build.0 = Release|Any CPU
		{25F24BF8-75E4-4DAE-912A-85D388B41501}.Debug|Any CPU.ActiveCfg = Debug|Any CPU
		{25F24BF8-75E4-4DAE-912A-85D388B41501}.Debug|Any CPU.Build.0 = Debug|Any CPU
		{25F24BF8-75E4-4DAE-912A-85D388B41501}.Debug|x64.ActiveCfg = Debug|Any CPU
		{25F24BF8-75E4-4DAE-912A-85D388B41501}.Debug|x64.Build.0 = Debug|Any CPU
		{25F24BF8-75E4-4DAE-912A-85D388B41501}.Debug|x86.ActiveCfg = Debug|Any CPU
		{25F24BF8-75E4-4DAE-912A-85D388B41501}.Debug|x86.Build.0 = Debug|Any CPU
		{25F24BF8-75E4-4DAE-912A-85D388B41501}.Release|Any CPU.ActiveCfg = Release|Any CPU
		{25F24BF8-75E4-4DAE-912A-85D388B41501}.Release|Any CPU.Build.0 = Release|Any CPU
		{25F24BF8-75E4-4DAE-912A-85D388B41501}.Release|x64.ActiveCfg = Release|Any CPU
		{25F24BF8-75E4-4DAE-912A-85D388B41501}.Release|x64.Build.0 = Release|Any CPU
		{25F24BF8-75E4-4DAE-912A-85D388B41501}.Release|x86.ActiveCfg = Release|Any CPU
		{25F24BF8-75E4-4DAE-912A-85D388B41501}.Release|x86.Build.0 = Release|Any CPU
		{16540737-4B11-42BD-90E3-99D2F6751638}.Debug|Any CPU.ActiveCfg = Debug|Any CPU
		{16540737-4B11-42BD-90E3-99D2F6751638}.Debug|Any CPU.Build.0 = Debug|Any CPU
		{16540737-4B11-42BD-90E3-99D2F6751638}.Debug|x64.ActiveCfg = Debug|Any CPU
		{16540737-4B11-42BD-90E3-99D2F6751638}.Debug|x64.Build.0 = Debug|Any CPU
		{16540737-4B11-42BD-90E3-99D2F6751638}.Debug|x86.ActiveCfg = Debug|Any CPU
		{16540737-4B11-42BD-90E3-99D2F6751638}.Debug|x86.Build.0 = Debug|Any CPU
		{16540737-4B11-42BD-90E3-99D2F6751638}.Release|Any CPU.ActiveCfg = Release|Any CPU
		{16540737-4B11-42BD-90E3-99D2F6751638}.Release|Any CPU.Build.0 = Release|Any CPU
		{16540737-4B11-42BD-90E3-99D2F6751638}.Release|x64.ActiveCfg = Release|Any CPU
		{16540737-4B11-42BD-90E3-99D2F6751638}.Release|x64.Build.0 = Release|Any CPU
		{16540737-4B11-42BD-90E3-99D2F6751638}.Release|x86.ActiveCfg = Release|Any CPU
		{16540737-4B11-42BD-90E3-99D2F6751638}.Release|x86.Build.0 = Release|Any CPU
		{1C125C3C-EF74-4485-9103-8EF71EA05FEC}.Debug|Any CPU.ActiveCfg = Debug|Any CPU
		{1C125C3C-EF74-4485-9103-8EF71EA05FEC}.Debug|Any CPU.Build.0 = Debug|Any CPU
		{1C125C3C-EF74-4485-9103-8EF71EA05FEC}.Debug|x64.ActiveCfg = Debug|Any CPU
		{1C125C3C-EF74-4485-9103-8EF71EA05FEC}.Debug|x64.Build.0 = Debug|Any CPU
		{1C125C3C-EF74-4485-9103-8EF71EA05FEC}.Debug|x86.ActiveCfg = Debug|Any CPU
		{1C125C3C-EF74-4485-9103-8EF71EA05FEC}.Debug|x86.Build.0 = Debug|Any CPU
		{1C125C3C-EF74-4485-9103-8EF71EA05FEC}.Release|Any CPU.ActiveCfg = Release|Any CPU
		{1C125C3C-EF74-4485-9103-8EF71EA05FEC}.Release|Any CPU.Build.0 = Release|Any CPU
		{1C125C3C-EF74-4485-9103-8EF71EA05FEC}.Release|x64.ActiveCfg = Release|Any CPU
		{1C125C3C-EF74-4485-9103-8EF71EA05FEC}.Release|x64.Build.0 = Release|Any CPU
		{1C125C3C-EF74-4485-9103-8EF71EA05FEC}.Release|x86.ActiveCfg = Release|Any CPU
		{1C125C3C-EF74-4485-9103-8EF71EA05FEC}.Release|x86.Build.0 = Release|Any CPU
		{628611CA-5A54-487A-8B15-CE0BB733DC41}.Debug|Any CPU.ActiveCfg = Debug|Any CPU
		{628611CA-5A54-487A-8B15-CE0BB733DC41}.Debug|Any CPU.Build.0 = Debug|Any CPU
		{628611CA-5A54-487A-8B15-CE0BB733DC41}.Debug|x64.ActiveCfg = Debug|Any CPU
		{628611CA-5A54-487A-8B15-CE0BB733DC41}.Debug|x64.Build.0 = Debug|Any CPU
		{628611CA-5A54-487A-8B15-CE0BB733DC41}.Debug|x86.ActiveCfg = Debug|Any CPU
		{628611CA-5A54-487A-8B15-CE0BB733DC41}.Debug|x86.Build.0 = Debug|Any CPU
		{628611CA-5A54-487A-8B15-CE0BB733DC41}.Release|Any CPU.ActiveCfg = Release|Any CPU
		{628611CA-5A54-487A-8B15-CE0BB733DC41}.Release|Any CPU.Build.0 = Release|Any CPU
		{628611CA-5A54-487A-8B15-CE0BB733DC41}.Release|x64.ActiveCfg = Release|Any CPU
		{628611CA-5A54-487A-8B15-CE0BB733DC41}.Release|x64.Build.0 = Release|Any CPU
		{628611CA-5A54-487A-8B15-CE0BB733DC41}.Release|x86.ActiveCfg = Release|Any CPU
		{628611CA-5A54-487A-8B15-CE0BB733DC41}.Release|x86.Build.0 = Release|Any CPU
		{172F6027-8248-4315-953D-2B4930C2338A}.Debug|Any CPU.ActiveCfg = Debug|Any CPU
		{172F6027-8248-4315-953D-2B4930C2338A}.Debug|Any CPU.Build.0 = Debug|Any CPU
		{172F6027-8248-4315-953D-2B4930C2338A}.Debug|x64.ActiveCfg = Debug|Any CPU
		{172F6027-8248-4315-953D-2B4930C2338A}.Debug|x64.Build.0 = Debug|Any CPU
		{172F6027-8248-4315-953D-2B4930C2338A}.Debug|x86.ActiveCfg = Debug|Any CPU
		{172F6027-8248-4315-953D-2B4930C2338A}.Debug|x86.Build.0 = Debug|Any CPU
		{172F6027-8248-4315-953D-2B4930C2338A}.Release|Any CPU.ActiveCfg = Release|Any CPU
		{172F6027-8248-4315-953D-2B4930C2338A}.Release|Any CPU.Build.0 = Release|Any CPU
		{172F6027-8248-4315-953D-2B4930C2338A}.Release|x64.ActiveCfg = Release|Any CPU
		{172F6027-8248-4315-953D-2B4930C2338A}.Release|x64.Build.0 = Release|Any CPU
		{172F6027-8248-4315-953D-2B4930C2338A}.Release|x86.ActiveCfg = Release|Any CPU
		{172F6027-8248-4315-953D-2B4930C2338A}.Release|x86.Build.0 = Release|Any CPU
		{51529D09-5ACB-439C-90FE-3EF4B9D3B440}.Debug|Any CPU.ActiveCfg = Debug|Any CPU
		{51529D09-5ACB-439C-90FE-3EF4B9D3B440}.Debug|Any CPU.Build.0 = Debug|Any CPU
		{51529D09-5ACB-439C-90FE-3EF4B9D3B440}.Debug|x64.ActiveCfg = Debug|Any CPU
		{51529D09-5ACB-439C-90FE-3EF4B9D3B440}.Debug|x64.Build.0 = Debug|Any CPU
		{51529D09-5ACB-439C-90FE-3EF4B9D3B440}.Debug|x86.ActiveCfg = Debug|Any CPU
		{51529D09-5ACB-439C-90FE-3EF4B9D3B440}.Debug|x86.Build.0 = Debug|Any CPU
		{51529D09-5ACB-439C-90FE-3EF4B9D3B440}.Release|Any CPU.ActiveCfg = Release|Any CPU
		{51529D09-5ACB-439C-90FE-3EF4B9D3B440}.Release|Any CPU.Build.0 = Release|Any CPU
		{51529D09-5ACB-439C-90FE-3EF4B9D3B440}.Release|x64.ActiveCfg = Release|Any CPU
		{51529D09-5ACB-439C-90FE-3EF4B9D3B440}.Release|x64.Build.0 = Release|Any CPU
		{51529D09-5ACB-439C-90FE-3EF4B9D3B440}.Release|x86.ActiveCfg = Release|Any CPU
		{51529D09-5ACB-439C-90FE-3EF4B9D3B440}.Release|x86.Build.0 = Release|Any CPU
		{716CC6F5-69BB-4CBE-AAF4-DF1F3A483898}.Debug|Any CPU.ActiveCfg = Debug|Any CPU
		{716CC6F5-69BB-4CBE-AAF4-DF1F3A483898}.Debug|Any CPU.Build.0 = Debug|Any CPU
		{716CC6F5-69BB-4CBE-AAF4-DF1F3A483898}.Debug|x64.ActiveCfg = Debug|Any CPU
		{716CC6F5-69BB-4CBE-AAF4-DF1F3A483898}.Debug|x64.Build.0 = Debug|Any CPU
		{716CC6F5-69BB-4CBE-AAF4-DF1F3A483898}.Debug|x86.ActiveCfg = Debug|Any CPU
		{716CC6F5-69BB-4CBE-AAF4-DF1F3A483898}.Debug|x86.Build.0 = Debug|Any CPU
		{716CC6F5-69BB-4CBE-AAF4-DF1F3A483898}.Release|Any CPU.ActiveCfg = Release|Any CPU
		{716CC6F5-69BB-4CBE-AAF4-DF1F3A483898}.Release|Any CPU.Build.0 = Release|Any CPU
		{716CC6F5-69BB-4CBE-AAF4-DF1F3A483898}.Release|x64.ActiveCfg = Release|Any CPU
		{716CC6F5-69BB-4CBE-AAF4-DF1F3A483898}.Release|x64.Build.0 = Release|Any CPU
		{716CC6F5-69BB-4CBE-AAF4-DF1F3A483898}.Release|x86.ActiveCfg = Release|Any CPU
		{716CC6F5-69BB-4CBE-AAF4-DF1F3A483898}.Release|x86.Build.0 = Release|Any CPU
		{BD9823FD-B723-4041-B6EE-5E8777311277}.Debug|Any CPU.ActiveCfg = Debug|Any CPU
		{BD9823FD-B723-4041-B6EE-5E8777311277}.Debug|Any CPU.Build.0 = Debug|Any CPU
		{BD9823FD-B723-4041-B6EE-5E8777311277}.Debug|x64.ActiveCfg = Debug|Any CPU
		{BD9823FD-B723-4041-B6EE-5E8777311277}.Debug|x64.Build.0 = Debug|Any CPU
		{BD9823FD-B723-4041-B6EE-5E8777311277}.Debug|x86.ActiveCfg = Debug|Any CPU
		{BD9823FD-B723-4041-B6EE-5E8777311277}.Debug|x86.Build.0 = Debug|Any CPU
		{BD9823FD-B723-4041-B6EE-5E8777311277}.Release|Any CPU.ActiveCfg = Release|Any CPU
		{BD9823FD-B723-4041-B6EE-5E8777311277}.Release|Any CPU.Build.0 = Release|Any CPU
		{BD9823FD-B723-4041-B6EE-5E8777311277}.Release|x64.ActiveCfg = Release|Any CPU
		{BD9823FD-B723-4041-B6EE-5E8777311277}.Release|x64.Build.0 = Release|Any CPU
		{BD9823FD-B723-4041-B6EE-5E8777311277}.Release|x86.ActiveCfg = Release|Any CPU
		{BD9823FD-B723-4041-B6EE-5E8777311277}.Release|x86.Build.0 = Release|Any CPU
		{2803896C-3363-417C-A6EB-53CC857BC564}.Debug|Any CPU.ActiveCfg = Debug|Any CPU
		{2803896C-3363-417C-A6EB-53CC857BC564}.Debug|Any CPU.Build.0 = Debug|Any CPU
		{2803896C-3363-417C-A6EB-53CC857BC564}.Debug|x64.ActiveCfg = Debug|Any CPU
		{2803896C-3363-417C-A6EB-53CC857BC564}.Debug|x64.Build.0 = Debug|Any CPU
		{2803896C-3363-417C-A6EB-53CC857BC564}.Debug|x86.ActiveCfg = Debug|Any CPU
		{2803896C-3363-417C-A6EB-53CC857BC564}.Debug|x86.Build.0 = Debug|Any CPU
		{2803896C-3363-417C-A6EB-53CC857BC564}.Release|Any CPU.ActiveCfg = Release|Any CPU
		{2803896C-3363-417C-A6EB-53CC857BC564}.Release|Any CPU.Build.0 = Release|Any CPU
		{2803896C-3363-417C-A6EB-53CC857BC564}.Release|x64.ActiveCfg = Release|Any CPU
		{2803896C-3363-417C-A6EB-53CC857BC564}.Release|x64.Build.0 = Release|Any CPU
		{2803896C-3363-417C-A6EB-53CC857BC564}.Release|x86.ActiveCfg = Release|Any CPU
		{2803896C-3363-417C-A6EB-53CC857BC564}.Release|x86.Build.0 = Release|Any CPU
		{0721DAD9-EF35-42CB-9078-8B329BD9B446}.Debug|Any CPU.ActiveCfg = Debug|Any CPU
		{0721DAD9-EF35-42CB-9078-8B329BD9B446}.Debug|Any CPU.Build.0 = Debug|Any CPU
		{0721DAD9-EF35-42CB-9078-8B329BD9B446}.Debug|x64.ActiveCfg = Debug|Any CPU
		{0721DAD9-EF35-42CB-9078-8B329BD9B446}.Debug|x64.Build.0 = Debug|Any CPU
		{0721DAD9-EF35-42CB-9078-8B329BD9B446}.Debug|x86.ActiveCfg = Debug|Any CPU
		{0721DAD9-EF35-42CB-9078-8B329BD9B446}.Debug|x86.Build.0 = Debug|Any CPU
		{0721DAD9-EF35-42CB-9078-8B329BD9B446}.Release|Any CPU.ActiveCfg = Release|Any CPU
		{0721DAD9-EF35-42CB-9078-8B329BD9B446}.Release|Any CPU.Build.0 = Release|Any CPU
		{0721DAD9-EF35-42CB-9078-8B329BD9B446}.Release|x64.ActiveCfg = Release|Any CPU
		{0721DAD9-EF35-42CB-9078-8B329BD9B446}.Release|x64.Build.0 = Release|Any CPU
		{0721DAD9-EF35-42CB-9078-8B329BD9B446}.Release|x86.ActiveCfg = Release|Any CPU
		{0721DAD9-EF35-42CB-9078-8B329BD9B446}.Release|x86.Build.0 = Release|Any CPU
		{4B6D2292-5C26-4037-AB1E-6241B7019C77}.Debug|Any CPU.ActiveCfg = Debug|Any CPU
		{4B6D2292-5C26-4037-AB1E-6241B7019C77}.Debug|Any CPU.Build.0 = Debug|Any CPU
		{4B6D2292-5C26-4037-AB1E-6241B7019C77}.Debug|x64.ActiveCfg = Debug|Any CPU
		{4B6D2292-5C26-4037-AB1E-6241B7019C77}.Debug|x64.Build.0 = Debug|Any CPU
		{4B6D2292-5C26-4037-AB1E-6241B7019C77}.Debug|x86.ActiveCfg = Debug|Any CPU
		{4B6D2292-5C26-4037-AB1E-6241B7019C77}.Debug|x86.Build.0 = Debug|Any CPU
		{4B6D2292-5C26-4037-AB1E-6241B7019C77}.Release|Any CPU.ActiveCfg = Release|Any CPU
		{4B6D2292-5C26-4037-AB1E-6241B7019C77}.Release|Any CPU.Build.0 = Release|Any CPU
		{4B6D2292-5C26-4037-AB1E-6241B7019C77}.Release|x64.ActiveCfg = Release|Any CPU
		{4B6D2292-5C26-4037-AB1E-6241B7019C77}.Release|x64.Build.0 = Release|Any CPU
		{4B6D2292-5C26-4037-AB1E-6241B7019C77}.Release|x86.ActiveCfg = Release|Any CPU
		{4B6D2292-5C26-4037-AB1E-6241B7019C77}.Release|x86.Build.0 = Release|Any CPU
		{2EC8C769-DE35-4AE5-97C9-3E22139133F0}.Debug|Any CPU.ActiveCfg = Debug|Any CPU
		{2EC8C769-DE35-4AE5-97C9-3E22139133F0}.Debug|Any CPU.Build.0 = Debug|Any CPU
		{2EC8C769-DE35-4AE5-97C9-3E22139133F0}.Debug|x64.ActiveCfg = Debug|Any CPU
		{2EC8C769-DE35-4AE5-97C9-3E22139133F0}.Debug|x64.Build.0 = Debug|Any CPU
		{2EC8C769-DE35-4AE5-97C9-3E22139133F0}.Debug|x86.ActiveCfg = Debug|Any CPU
		{2EC8C769-DE35-4AE5-97C9-3E22139133F0}.Debug|x86.Build.0 = Debug|Any CPU
		{2EC8C769-DE35-4AE5-97C9-3E22139133F0}.Release|Any CPU.ActiveCfg = Release|Any CPU
		{2EC8C769-DE35-4AE5-97C9-3E22139133F0}.Release|Any CPU.Build.0 = Release|Any CPU
		{2EC8C769-DE35-4AE5-97C9-3E22139133F0}.Release|x64.ActiveCfg = Release|Any CPU
		{2EC8C769-DE35-4AE5-97C9-3E22139133F0}.Release|x64.Build.0 = Release|Any CPU
		{2EC8C769-DE35-4AE5-97C9-3E22139133F0}.Release|x86.ActiveCfg = Release|Any CPU
		{2EC8C769-DE35-4AE5-97C9-3E22139133F0}.Release|x86.Build.0 = Release|Any CPU
		{BB1F350F-22E5-4782-BC25-783950560042}.Debug|Any CPU.ActiveCfg = Debug|Any CPU
		{BB1F350F-22E5-4782-BC25-783950560042}.Debug|Any CPU.Build.0 = Debug|Any CPU
		{BB1F350F-22E5-4782-BC25-783950560042}.Debug|x64.ActiveCfg = Debug|Any CPU
		{BB1F350F-22E5-4782-BC25-783950560042}.Debug|x64.Build.0 = Debug|Any CPU
		{BB1F350F-22E5-4782-BC25-783950560042}.Debug|x86.ActiveCfg = Debug|Any CPU
		{BB1F350F-22E5-4782-BC25-783950560042}.Debug|x86.Build.0 = Debug|Any CPU
		{BB1F350F-22E5-4782-BC25-783950560042}.Release|Any CPU.ActiveCfg = Release|Any CPU
		{BB1F350F-22E5-4782-BC25-783950560042}.Release|Any CPU.Build.0 = Release|Any CPU
		{BB1F350F-22E5-4782-BC25-783950560042}.Release|x64.ActiveCfg = Release|Any CPU
		{BB1F350F-22E5-4782-BC25-783950560042}.Release|x64.Build.0 = Release|Any CPU
		{BB1F350F-22E5-4782-BC25-783950560042}.Release|x86.ActiveCfg = Release|Any CPU
		{BB1F350F-22E5-4782-BC25-783950560042}.Release|x86.Build.0 = Release|Any CPU
	EndGlobalSection
	GlobalSection(SolutionProperties) = preSolution
		HideSolutionNode = FALSE
	EndGlobalSection
	GlobalSection(ExtensibilityGlobals) = postSolution
		SolutionGuid = {365CA0A9-F2AA-4C97-BB13-9062E0B18CF1}
	EndGlobalSection
EndGlobal
